
Microsoft Visual Studio Solution File, Format Version 11.00
# Visual Studio 2010
Project("{FAE04EC0-301F-11D3-BF4B-00C04F79EFBC}") = "Assembly-CSharp", "Assembly-CSharp.csproj", "{0ba8c80d-ff9f-7301-a384-163f490d911f}"
EndProject
Project("{FAE04EC0-301F-11D3-BF4B-00C04F79EFBC}") = "Assembly-CSharp-Editor", "Assembly-CSharp-Editor.csproj", "{06675aff-8cc0-3cbf-26ae-22485ab75604}"
EndProject
Global
	GlobalSection(SolutionConfigurationPlatforms) = preSolution
		Debug|Any CPU = Debug|Any CPU
	EndGlobalSection
	GlobalSection(ProjectConfigurationPlatforms) = postSolution
		{0ba8c80d-ff9f-7301-a384-163f490d911f}.Debug|Any CPU.ActiveCfg = Debug|Any CPU
		{0ba8c80d-ff9f-7301-a384-163f490d911f}.Debug|Any CPU.Build.0 = Debug|Any CPU
		{06675aff-8cc0-3cbf-26ae-22485ab75604}.Debug|Any CPU.ActiveCfg = Debug|Any CPU
		{06675aff-8cc0-3cbf-26ae-22485ab75604}.Debug|Any CPU.Build.0 = Debug|Any CPU
	EndGlobalSection
	GlobalSection(SolutionProperties) = preSolution
		HideSolutionNode = FALSE
	EndGlobalSection
EndGlobal
